[root]
name = "fractal"
version = "0.0.1"
dependencies = [
 "image 0.2.0-alpha.3 (git+https://github.com/PistonDevelopers/image)",
 "num 0.1.0 (git+https://github.com/rust-lang/num.git)",
]

[[package]]
name = "image"
version = "0.2.0-alpha.3"
source = "git+https://github.com/PistonDevelopers/image#c06814e23cb02528636b7adaf5aa95fbbe114afa"

[[package]]
name = "num"
version = "0.1.0"
source = "git+https://github.com/rust-lang/num.git#5f829e7fd3600c3144d340cfc64b0163084cd11d"

